
Microsoft Visual Studio Solution File, Format Version 12.00
# Visual Studio Version 17
VisualStudioVersion = 17.0.31903.59
MinimumVisualStudioVersion = 10.0.40219.1
Project("{2150E333-8FDC-42A3-9474-1A3956D46DE8}") = "src", "src", "{8A2911DD-535B-42F7-AA75-76D0E12582FF}"
EndProject
Project("{FAE04EC0-301F-11D3-BF4B-00C04F79EFBC}") = "EventBus", "src\EventBus\EventBus.csproj", "{E6186DD9-87E4-4580-B057-F54A50AD9521}"
EndProject
Project("{2150E333-8FDC-42A3-9474-1A3956D46DE8}") = "test", "test", "{829F763E-E34A-44A5-B758-8EEBD5E10B71}"
EndProject
Project("{FAE04EC0-301F-11D3-BF4B-00C04F79EFBC}") = "EventBusTests", "test\EventBusTests\EventBusTests.csproj", "{1F03E8F9-2CB5-47B6-B9F9-A5C12EE7D2AF}"
EndProject
Project("{2150E333-8FDC-42A3-9474-1A3956D46DE8}") = ".solution", ".solution", "{F2148879-9AE9-43A3-B87C-ED16A4E70460}"
	ProjectSection(SolutionItems) = preProject
		EventBus.proj = EventBus.proj
		ReadMe.md = ReadMe.md
	EndProjectSection
EndProject
Global
	GlobalSection(SolutionConfigurationPlatforms) = preSolution
		Debug|Any CPU = Debug|Any CPU
		Release|Any CPU = Release|Any CPU
	EndGlobalSection
	GlobalSection(SolutionProperties) = preSolution
		HideSolutionNode = FALSE
	EndGlobalSection
	GlobalSection(NestedProjects) = preSolution
		{E6186DD9-87E4-4580-B057-F54A50AD9521} = {8A2911DD-535B-42F7-AA75-76D0E12582FF}
		{1F03E8F9-2CB5-47B6-B9F9-A5C12EE7D2AF} = {829F763E-E34A-44A5-B758-8EEBD5E10B71}
	EndGlobalSection
	GlobalSection(ProjectConfigurationPlatforms) = postSolution
		{E6186DD9-87E4-4580-B057-F54A50AD9521}.Debug|Any CPU.ActiveCfg = Debug|Any CPU
		{E6186DD9-87E4-4580-B057-F54A50AD9521}.Debug|Any CPU.Build.0 = Debug|Any CPU
		{E6186DD9-87E4-4580-B057-F54A50AD9521}.Release|Any CPU.ActiveCfg = Release|Any CPU
		{E6186DD9-87E4-4580-B057-F54A50AD9521}.Release|Any CPU.Build.0 = Release|Any CPU
		{1F03E8F9-2CB5-47B6-B9F9-A5C12EE7D2AF}.Debug|Any CPU.ActiveCfg = Debug|Any CPU
		{1F03E8F9-2CB5-47B6-B9F9-A5C12EE7D2AF}.Debug|Any CPU.Build.0 = Debug|Any CPU
		{1F03E8F9-2CB5-47B6-B9F9-A5C12EE7D2AF}.Release|Any CPU.ActiveCfg = Release|Any CPU
		{1F03E8F9-2CB5-47B6-B9F9-A5C12EE7D2AF}.Release|Any CPU.Build.0 = Release|Any CPU
	EndGlobalSection
EndGlobal
